
Microsoft Visual Studio Solution File, Format Version 12.00
# Visual Studio Version 16
VisualStudioVersion = 16.0.29519.181
MinimumVisualStudioVersion = 10.0.40219.1
Project("{FAE04EC0-301F-11D3-BF4B-00C04F79EFBC}") = "PaymenntsExampleApp", "PaymenntsExampleApp\PaymenntsExampleApp.csproj", "{B1A96540-3C20-43BF-B92C-8BB851363761}"
EndProject
Global
	GlobalSection(SolutionConfigurationPlatforms) = preSolution
		Debug|Any CPU = Debug|Any CPU
		Release|Any CPU = Release|Any CPU
	EndGlobalSection
	GlobalSection(ProjectConfigurationPlatforms) = postSolution
		{B1A96540-3C20-43BF-B92C-8BB851363761}.Debug|Any CPU.ActiveCfg = Debug|Any CPU
		{B1A96540-3C20-43BF-B92C-8BB851363761}.Debug|Any CPU.Build.0 = Debug|Any CPU
		{B1A96540-3C20-43BF-B92C-8BB851363761}.Release|Any CPU.ActiveCfg = Release|Any CPU
		{B1A96540-3C20-43BF-B92C-8BB851363761}.Release|Any CPU.Build.0 = Release|Any CPU
	EndGlobalSection
	GlobalSection(SolutionProperties) = preSolution
		HideSolutionNode = FALSE
	EndGlobalSection
	GlobalSection(ExtensibilityGlobals) = postSolution
		SolutionGuid = {AB3D288D-0A3F-4A74-AFA4-BFB59BD810D5}
	EndGlobalSection
EndGlobal
